
Microsoft Visual Studio Solution File, Format Version 12.00
# Visual Studio Version 16
VisualStudioVersion = 16.0.31105.61
MinimumVisualStudioVersion = 10.0.40219.1
Project("{9A19103F-16F7-4668-BE54-9A1E7A4F7556}") = "Api", "Api\Api.csproj", "{EF949F05-0DAF-4A57-9B1C-836B122951D9}"
EndProject
Global
	GlobalSection(SolutionConfigurationPlatforms) = preSolution
		Debug|Any CPU = Debug|Any CPU
		Release|Any CPU = Release|Any CPU
	EndGlobalSection
	GlobalSection(ProjectConfigurationPlatforms) = postSolution
		{EF949F05-0DAF-4A57-9B1C-836B122951D9}.Debug|Any CPU.ActiveCfg = Debug|Any CPU
		{EF949F05-0DAF-4A57-9B1C-836B122951D9}.Debug|Any CPU.Build.0 = Debug|Any CPU
		{EF949F05-0DAF-4A57-9B1C-836B122951D9}.Release|Any CPU.ActiveCfg = Release|Any CPU
		{EF949F05-0DAF-4A57-9B1C-836B122951D9}.Release|Any CPU.Build.0 = Release|Any CPU
	EndGlobalSection
	GlobalSection(SolutionProperties) = preSolution
		HideSolutionNode = FALSE
	EndGlobalSection
	GlobalSection(ExtensibilityGlobals) = postSolution
		SolutionGuid = {380A1041-7C81-41C9-83C6-C32794E3ABD7}
	EndGlobalSection
EndGlobal
